
Microsoft Visual Studio Solution File, Format Version 12.00
# Visual Studio 14
VisualStudioVersion = 14.0.23107.0
MinimumVisualStudioVersion = 10.0.40219.1
Project("{8BC9CEB8-8B4A-11D0-8D11-00A0C91BC942}") = "HTTPLib", "HTTPLib\HTTPLib.vcxproj", "{A56DC34F-405B-4EAA-8BB6-07E96E96662F}"
EndProject
Project("{8BC9CEB8-8B4A-11D0-8D11-00A0C91BC942}") = "CPPConsole", "CPPConsole\CPPConsole.vcxproj", "{793AC83C-C4EA-4E01-AC78-E285A47613C5}"
EndProject
Global
	GlobalSection(SolutionConfigurationPlatforms) = preSolution
		Debug|x64 = Debug|x64
		Debug|x86 = Debug|x86
		Release|x64 = Release|x64
		Release|x86 = Release|x86
	EndGlobalSection
	GlobalSection(ProjectConfigurationPlatforms) = postSolution
		{A56DC34F-405B-4EAA-8BB6-07E96E96662F}.Debug|x64.ActiveCfg = Debug|x64
		{A56DC34F-405B-4EAA-8BB6-07E96E96662F}.Debug|x64.Build.0 = Debug|x64
		{A56DC34F-405B-4EAA-8BB6-07E96E96662F}.Debug|x86.ActiveCfg = Debug|Win32
		{A56DC34F-405B-4EAA-8BB6-07E96E96662F}.Debug|x86.Build.0 = Debug|Win32
		{A56DC34F-405B-4EAA-8BB6-07E96E96662F}.Release|x64.ActiveCfg = Release|x64
		{A56DC34F-405B-4EAA-8BB6-07E96E96662F}.Release|x64.Build.0 = Release|x64
		{A56DC34F-405B-4EAA-8BB6-07E96E96662F}.Release|x86.ActiveCfg = Release|Win32
		{A56DC34F-405B-4EAA-8BB6-07E96E96662F}.Release|x86.Build.0 = Release|Win32
		{793AC83C-C4EA-4E01-AC78-E285A47613C5}.Debug|x64.ActiveCfg = Debug|x64
		{793AC83C-C4EA-4E01-AC78-E285A47613C5}.Debug|x64.Build.0 = Debug|x64
		{793AC83C-C4EA-4E01-AC78-E285A47613C5}.Debug|x86.ActiveCfg = Debug|Win32
		{793AC83C-C4EA-4E01-AC78-E285A47613C5}.Debug|x86.Build.0 = Debug|Win32
		{793AC83C-C4EA-4E01-AC78-E285A47613C5}.Release|x64.ActiveCfg = Release|x64
		{793AC83C-C4EA-4E01-AC78-E285A47613C5}.Release|x64.Build.0 = Release|x64
		{793AC83C-C4EA-4E01-AC78-E285A47613C5}.Release|x86.ActiveCfg = Release|Win32
		{793AC83C-C4EA-4E01-AC78-E285A47613C5}.Release|x86.Build.0 = Release|Win32
	EndGlobalSection
	GlobalSection(SolutionProperties) = preSolution
		HideSolutionNode = FALSE
	EndGlobalSection
EndGlobal
