<?xml version="1.0" encoding="utf-8"?>
<Project ToolsVersion="4.0" xmlns="http://schemas.microsoft.com/developer/msbuild/2003">
  <ItemGroup>
    <Filter Include="Build">
      <UniqueIdentifier>{67DA6AB6-F800-4c08-8B7A-83BB121AAD01}</UniqueIdentifier>
      <Extensions>rc;ico;cur;bmp;dlg;rc2;rct;bin;rgs;gif;jpg;jpeg;jpe;resx;tiff;tif;png;wav;mfcribbon-ms</Extensions>
    </Filter>
    <Filter Include="http">
      <UniqueIdentifier>{99222c6f-73d6-4d74-ae9c-516be4f1b3f0}</UniqueIdentifier>
    </Filter>
  </ItemGroup>
  <ItemGroup>
    <ClInclude Include="targetver.h">
      <Filter>Build</Filter>
    </ClInclude>
    <ClInclude Include="HTTPLib.h">
      <Filter>Build</Filter>
    </ClInclude>
    <ClInclude Include="HTTPLibDlg.h">
      <Filter>Build</Filter>
    </ClInclude>
    <ClInclude Include="Resource.h">
      <Filter>Build</Filter>
    </ClInclude>
    <ClInclude Include="stdafx.h">
      <Filter>Build</Filter>
    </ClInclude>
    <ClInclude Include="..\SDK\http\HttpRequest.h">
      <Filter>http</Filter>
    </ClInclude>
    <ClInclude Include="..\SDK\http\HttpSession.h">
      <Filter>http</Filter>
    </ClInclude>
    <ClInclude Include="..\SDK\http\ThreadPool.h">
      <Filter>http</Filter>
    </ClInclude>
  </ItemGroup>
  <ItemGroup>
    <ClCompile Include="HTTPLib.cpp">
      <Filter>Build</Filter>
    </ClCompile>
    <ClCompile Include="HTTPLibDlg.cpp">
      <Filter>Build</Filter>
    </ClCompile>
    <ClCompile Include="stdafx.cpp">
      <Filter>Build</Filter>
    </ClCompile>
    <ClCompile Include="..\SDK\http\HttpRequest.cpp">
      <Filter>http</Filter>
    </ClCompile>
    <ClCompile Include="..\SDK\http\HttpSession.cpp">
      <Filter>http</Filter>
    </ClCompile>
    <ClCompile Include="..\SDK\http\ThreadPool.cpp">
      <Filter>http</Filter>
    </ClCompile>
  </ItemGroup>
  <ItemGroup>
    <None Include="res\HTTPLib.rc2">
      <Filter>Build</Filter>
    </None>
  </ItemGroup>
  <ItemGroup>
    <ResourceCompile Include="HTTPLib.rc">
      <Filter>Build</Filter>
    </ResourceCompile>
  </ItemGroup>
  <ItemGroup>
    <Image Include="res\HTTPLib.ico">
      <Filter>Build</Filter>
    </Image>
  </ItemGroup>
  <ItemGroup>
    <Text Include="ReadMe.txt">
      <Filter>Build</Filter>
    </Text>
  </ItemGroup>
</Project>