<?xml version="1.0" encoding="utf-8"?>
<Project ToolsVersion="4.0" xmlns="http://schemas.microsoft.com/developer/msbuild/2003">
  <ItemGroup>
    <Filter Include="Build">
      <UniqueIdentifier>{67DA6AB6-F800-4c08-8B7A-83BB121AAD01}</UniqueIdentifier>
      <Extensions>rc;ico;cur;bmp;dlg;rc2;rct;bin;rgs;gif;jpg;jpeg;jpe;resx;tiff;tif;png;wav;mfcribbon-ms</Extensions>
    </Filter>
    <Filter Include="base">
      <UniqueIdentifier>{1ec29f73-b33c-46e3-9d00-535d594ee3f7}</UniqueIdentifier>
    </Filter>
    <Filter Include="base\http">
      <UniqueIdentifier>{99222c6f-73d6-4d74-ae9c-516be4f1b3f0}</UniqueIdentifier>
    </Filter>
    <Filter Include="base\Log">
      <UniqueIdentifier>{4447b1a0-e770-4598-af2a-67a1c0932202}</UniqueIdentifier>
    </Filter>
    <Filter Include="base\Include">
      <UniqueIdentifier>{414f472c-d77e-4f36-9e42-2af416647fe3}</UniqueIdentifier>
    </Filter>
    <Filter Include="base\NotifyModel">
      <UniqueIdentifier>{be2a65c1-0d4f-4f69-a9e5-071da77bf944}</UniqueIdentifier>
    </Filter>
    <Filter Include="Lib3rd">
      <UniqueIdentifier>{a094786b-52aa-4de2-b81a-e5b28d2143b5}</UniqueIdentifier>
    </Filter>
    <Filter Include="Lib3rd\sha1">
      <UniqueIdentifier>{8980d3cc-cf10-45fa-b222-dceef1bbaee3}</UniqueIdentifier>
    </Filter>
    <Filter Include="base\FileSign">
      <UniqueIdentifier>{341b3aaa-1ec4-43cb-89d9-29ec81f4e3b9}</UniqueIdentifier>
    </Filter>
    <Filter Include="base\FileSign\lib">
      <UniqueIdentifier>{ca8d7a0c-c8eb-46bd-aca0-4824b46299d9}</UniqueIdentifier>
    </Filter>
    <Filter Include="base\File">
      <UniqueIdentifier>{b54fff46-6789-4743-8b3c-918e7f324962}</UniqueIdentifier>
    </Filter>
    <Filter Include="base\Thread">
      <UniqueIdentifier>{8110ba24-9ad4-4de0-b0cc-d1e1a09ac490}</UniqueIdentifier>
    </Filter>
  </ItemGroup>
  <ItemGroup>
    <ClInclude Include="targetver.h">
      <Filter>Build</Filter>
    </ClInclude>
    <ClInclude Include="HTTPLib.h">
      <Filter>Build</Filter>
    </ClInclude>
    <ClInclude Include="HTTPLibDlg.h">
      <Filter>Build</Filter>
    </ClInclude>
    <ClInclude Include="Resource.h">
      <Filter>Build</Filter>
    </ClInclude>
    <ClInclude Include="stdafx.h">
      <Filter>Build</Filter>
    </ClInclude>
    <ClInclude Include="..\SDK\http\HttpRequest.h">
      <Filter>base\http</Filter>
    </ClInclude>
    <ClInclude Include="..\SDK\http\HttpSession.h">
      <Filter>base\http</Filter>
    </ClInclude>
    <ClInclude Include="..\SDK\Log\Log.h">
      <Filter>base\Log</Filter>
    </ClInclude>
    <ClInclude Include="..\SDK\Log\LogPrivate.h">
      <Filter>base\Log</Filter>
    </ClInclude>
    <ClInclude Include="..\SDK\Log\TXPerfLogTime.h">
      <Filter>base\Log</Filter>
    </ClInclude>
    <ClInclude Include="..\SDK\Log\UtilCoreConvert.h">
      <Filter>base\Log</Filter>
    </ClInclude>
    <ClInclude Include="..\SDK\Include\WYTypeDef.h">
      <Filter>base\Include</Filter>
    </ClInclude>
    <ClInclude Include="..\SDK\Include\WYUtil.h">
      <Filter>base\Include</Filter>
    </ClInclude>
    <ClInclude Include="..\SDK\NotifyModel\EventNotifyMgr.h">
      <Filter>base\NotifyModel</Filter>
    </ClInclude>
    <ClInclude Include="..\SDK\external\sha1\sha1.h">
      <Filter>Lib3rd\sha1</Filter>
    </ClInclude>
    <ClInclude Include="..\SDK\FileSign\lib\crc32.h">
      <Filter>base\FileSign\lib</Filter>
    </ClInclude>
    <ClInclude Include="..\SDK\FileSign\UtilConvert.h">
      <Filter>base\FileSign</Filter>
    </ClInclude>
    <ClInclude Include="..\SDK\File\AsyncFile.h">
      <Filter>base\File</Filter>
    </ClInclude>
    <ClInclude Include="..\SDK\FileSign\FileSignTask.h">
      <Filter>base\FileSign</Filter>
    </ClInclude>
    <ClInclude Include="..\SDK\FileSign\FileSignMgr.h">
      <Filter>base\FileSign</Filter>
    </ClInclude>
    <ClInclude Include="..\SDK\Thread\ThreadPool.h">
      <Filter>base\Thread</Filter>
    </ClInclude>
    <ClInclude Include="..\SDK\http\HttpConnMgr.h">
      <Filter>base\http</Filter>
    </ClInclude>
  </ItemGroup>
  <ItemGroup>
    <ClCompile Include="HTTPLib.cpp">
      <Filter>Build</Filter>
    </ClCompile>
    <ClCompile Include="HTTPLibDlg.cpp">
      <Filter>Build</Filter>
    </ClCompile>
    <ClCompile Include="stdafx.cpp">
      <Filter>Build</Filter>
    </ClCompile>
    <ClCompile Include="..\SDK\http\HttpRequest.cpp">
      <Filter>base\http</Filter>
    </ClCompile>
    <ClCompile Include="..\SDK\http\HttpSession.cpp">
      <Filter>base\http</Filter>
    </ClCompile>
    <ClCompile Include="..\SDK\Log\Log.cpp">
      <Filter>base\Log</Filter>
    </ClCompile>
    <ClCompile Include="..\SDK\Log\TXPerfLogTime.cpp">
      <Filter>base\Log</Filter>
    </ClCompile>
    <ClCompile Include="..\SDK\Log\UtilCoreConvert.cpp">
      <Filter>base\Log</Filter>
    </ClCompile>
    <ClCompile Include="..\SDK\Include\WYUtil.cpp">
      <Filter>base\Include</Filter>
    </ClCompile>
    <ClCompile Include="..\SDK\NotifyModel\EventNotifyMgr.cpp">
      <Filter>base\NotifyModel</Filter>
    </ClCompile>
    <ClCompile Include="..\SDK\external\sha1\sha1.cpp">
      <Filter>Lib3rd\sha1</Filter>
    </ClCompile>
    <ClCompile Include="..\SDK\FileSign\UtilConvert.cpp">
      <Filter>base\FileSign</Filter>
    </ClCompile>
    <ClCompile Include="..\SDK\File\AsyncFile.cpp">
      <Filter>base\File</Filter>
    </ClCompile>
    <ClCompile Include="..\SDK\FileSign\FileSignTask.cpp">
      <Filter>base\FileSign</Filter>
    </ClCompile>
    <ClCompile Include="..\SDK\FileSign\FileSignMgr.cpp">
      <Filter>base\FileSign</Filter>
    </ClCompile>
    <ClCompile Include="..\SDK\Thread\ThreadPool.cpp">
      <Filter>base\Thread</Filter>
    </ClCompile>
    <ClCompile Include="..\SDK\http\HttpConnMgr.cpp">
      <Filter>base\http</Filter>
    </ClCompile>
  </ItemGroup>
  <ItemGroup>
    <None Include="res\HTTPLib.rc2">
      <Filter>Build</Filter>
    </None>
  </ItemGroup>
  <ItemGroup>
    <ResourceCompile Include="HTTPLib.rc">
      <Filter>Build</Filter>
    </ResourceCompile>
  </ItemGroup>
  <ItemGroup>
    <Image Include="res\HTTPLib.ico">
      <Filter>Build</Filter>
    </Image>
  </ItemGroup>
  <ItemGroup>
    <Text Include="ReadMe.txt">
      <Filter>Build</Filter>
    </Text>
  </ItemGroup>
</Project>